# This file is generated by running "yarn install" inside your project.
# Manual changes might be lost - proceed with caution!

__metadata:
  version: 8
  cacheKey: 10c0

"@radix-ui/react-avatar@npm:^1.1.3":
  version: 1.1.3
  resolution: "@radix-ui/react-avatar@npm:1.1.3"
  dependencies:
    "@radix-ui/react-context": "npm:1.1.1"
    "@radix-ui/react-primitive": "npm:2.0.2"
    "@radix-ui/react-use-callback-ref": "npm:1.1.0"
    "@radix-ui/react-use-layout-effect": "npm:1.1.0"
  peerDependencies:
    "@types/react": "*"
    "@types/react-dom": "*"
    react: ^16.8 || ^17.0 || ^18.0 || ^19.0 || ^19.0.0-rc
    react-dom: ^16.8 || ^17.0 || ^18.0 || ^19.0 || ^19.0.0-rc
  peerDependenciesMeta:
    "@types/react":
      optional: true
    "@types/react-dom":
      optional: true
  checksum: 10c0/ecf0c2b8477346c087b6a22e2a01b6e2984a0722f0bcef9436f398386735e2ec83fbf20e3740b9e9b23ea5c5a43918cef14e009698dbffe6980e3c2d94aa5e16
  languageName: node
  linkType: hard

"@radix-ui/react-compose-refs@npm:1.1.1":
  version: 1.1.1
  resolution: "@radix-ui/react-compose-refs@npm:1.1.1"
  peerDependencies:
    "@types/react": "*"
    react: ^16.8 || ^17.0 || ^18.0 || ^19.0 || ^19.0.0-rc
  peerDependenciesMeta:
    "@types/react":
      optional: true
  checksum: 10c0/3e84580024e66e3cc5b9ae79355e787815c1d2a3c7d46e7f47900a29c33751ca24cf4ac8903314957ab1f7788aebe1687e2258641c188cf94653f7ddf8f70627
  languageName: node
  linkType: hard

"@radix-ui/react-context@npm:1.1.1":
  version: 1.1.1
  resolution: "@radix-ui/react-context@npm:1.1.1"
  peerDependencies:
    "@types/react": "*"
    react: ^16.8 || ^17.0 || ^18.0 || ^19.0 || ^19.0.0-rc
  peerDependenciesMeta:
    "@types/react":
      optional: true
  checksum: 10c0/fc4ace9d79d7954c715ade765e06c95d7e1b12a63a536bcbe842fb904f03f88fc5bd6e38d44bd23243d37a270b4c44380fedddaeeae2d274f0b898a20665aba2
  languageName: node
  linkType: hard

"@radix-ui/react-primitive@npm:2.0.2":
  version: 2.0.2
  resolution: "@radix-ui/react-primitive@npm:2.0.2"
  dependencies:
    "@radix-ui/react-slot": "npm:1.1.2"
  peerDependencies:
    "@types/react": "*"
    "@types/react-dom": "*"
    react: ^16.8 || ^17.0 || ^18.0 || ^19.0 || ^19.0.0-rc
    react-dom: ^16.8 || ^17.0 || ^18.0 || ^19.0 || ^19.0.0-rc
  peerDependenciesMeta:
    "@types/react":
      optional: true
    "@types/react-dom":
      optional: true
  checksum: 10c0/1af7a33a86f8bd2467f2300b1bb6ca9af67cae3950953ba543d2a625c17f341dff05d19056ece7b03e5ced8b9f8de99c74f806710ce0da6b9a000f2af063fffe
  languageName: node
  linkType: hard

"@radix-ui/react-slot@npm:1.1.2":
  version: 1.1.2
  resolution: "@radix-ui/react-slot@npm:1.1.2"
  dependencies:
    "@radix-ui/react-compose-refs": "npm:1.1.1"
  peerDependencies:
    "@types/react": "*"
    react: ^16.8 || ^17.0 || ^18.0 || ^19.0 || ^19.0.0-rc
  peerDependenciesMeta:
    "@types/react":
      optional: true
  checksum: 10c0/81d45091806c52b507cec80b4477e4f31189d76ffcd7845b382eb3a034e6cf1faef71b881612028d5893f7580bf9ab59daa18fbf2792042dccd755c99a18df67
  languageName: node
  linkType: hard

"@radix-ui/react-use-callback-ref@npm:1.1.0":
  version: 1.1.0
  resolution: "@radix-ui/react-use-callback-ref@npm:1.1.0"
  peerDependencies:
    "@types/react": "*"
    react: ^16.8 || ^17.0 || ^18.0 || ^19.0 || ^19.0.0-rc
  peerDependenciesMeta:
    "@types/react":
      optional: true
  checksum: 10c0/e954863f3baa151faf89ac052a5468b42650efca924417470efd1bd254b411a94c69c30de2fdbb90187b38cb984795978e12e30423dc41e4309d93d53b66d819
  languageName: node
  linkType: hard

"@radix-ui/react-use-layout-effect@npm:1.1.0":
  version: 1.1.0
  resolution: "@radix-ui/react-use-layout-effect@npm:1.1.0"
  peerDependencies:
    "@types/react": "*"
    react: ^16.8 || ^17.0 || ^18.0 || ^19.0 || ^19.0.0-rc
  peerDependenciesMeta:
    "@types/react":
      optional: true
  checksum: 10c0/9bf87ece1845c038ed95863cfccf9d75f557c2400d606343bab0ab3192b9806b9840e6aa0a0333fdf3e83cf9982632852192f3e68d7d8367bc8c788dfdf8e62b
  languageName: node
  linkType: hard

"autoprefixer@npm:^10.4.20":
  version: 10.4.20
  resolution: "autoprefixer@npm:10.4.20"
  dependencies:
    browserslist: "npm:^4.23.3"
    caniuse-lite: "npm:^1.0.30001646"
    fraction.js: "npm:^4.3.7"
    normalize-range: "npm:^0.1.2"
    picocolors: "npm:^1.0.1"
    postcss-value-parser: "npm:^4.2.0"
  peerDependencies:
    postcss: ^8.1.0
  bin:
    autoprefixer: bin/autoprefixer
  checksum: 10c0/e1f00978a26e7c5b54ab12036d8c13833fad7222828fc90914771b1263f51b28c7ddb5803049de4e77696cbd02bb25cfc3634e80533025bb26c26aacdf938940
  languageName: node
  linkType: hard

"browserslist@npm:^4.23.3":
  version: 4.24.4
  resolution: "browserslist@npm:4.24.4"
  dependencies:
    caniuse-lite: "npm:^1.0.30001688"
    electron-to-chromium: "npm:^1.5.73"
    node-releases: "npm:^2.0.19"
    update-browserslist-db: "npm:^1.1.1"
  bin:
    browserslist: cli.js
  checksum: 10c0/db7ebc1733cf471e0b490b4f47e3e2ea2947ce417192c9246644e92c667dd56a71406cc58f62ca7587caf828364892e9952904a02b7aead752bc65b62a37cfe9
  languageName: node
  linkType: hard

"caniuse-lite@npm:^1.0.30001646, caniuse-lite@npm:^1.0.30001688":
  version: 1.0.30001699
  resolution: "caniuse-lite@npm:1.0.30001699"
  checksum: 10c0/e87b3a0602c3124131f6a21f1eb262378e17a2ee3089e3c472ac8b9caa85cf7d6a219655379302c29c6f10a74051f2a712639d7f98ee0444c73fefcbaf25d519
  languageName: node
  linkType: hard

"electron-to-chromium@npm:^1.5.73":
  version: 1.5.98
  resolution: "electron-to-chromium@npm:1.5.98"
  checksum: 10c0/bc362b7f385addaa9832235d7288cdd5edfe74a59464ba61cf5ca8aec0f7980541e5495cf52f9b8049a258c80c408cc4b87fea747542386e22e85fc7a7308ae7
  languageName: node
  linkType: hard

"escalade@npm:^3.2.0":
  version: 3.2.0
  resolution: "escalade@npm:3.2.0"
  checksum: 10c0/ced4dd3a78e15897ed3be74e635110bbf3b08877b0a41be50dcb325ee0e0b5f65fc2d50e9845194d7c4633f327e2e1c6cce00a71b617c5673df0374201d67f65
  languageName: node
  linkType: hard

"fraction.js@npm:^4.3.7":
  version: 4.3.7
  resolution: "fraction.js@npm:4.3.7"
  checksum: 10c0/df291391beea9ab4c263487ffd9d17fed162dbb736982dee1379b2a8cc94e4e24e46ed508c6d278aded9080ba51872f1bc5f3a5fd8d7c74e5f105b508ac28711
  languageName: node
  linkType: hard

"my-app@workspace:.":
  version: 0.0.0-use.local
  resolution: "my-app@workspace:."
  dependencies:
    "@radix-ui/react-avatar": "npm:^1.1.3"
    autoprefixer: "npm:^10.4.20"
    postcss: "npm:^8.5.2"
    react: "npm:^19.0.0"
    react-dom: "npm:^19.0.0"
    tailwindcss: "npm:^4.0.6"
  languageName: unknown
  linkType: soft

"nanoid@npm:^3.3.8":
  version: 3.3.8
  resolution: "nanoid@npm:3.3.8"
  bin:
    nanoid: bin/nanoid.cjs
  checksum: 10c0/4b1bb29f6cfebf3be3bc4ad1f1296fb0a10a3043a79f34fbffe75d1621b4318319211cd420549459018ea3592f0d2f159247a6f874911d6d26eaaadda2478120
  languageName: node
  linkType: hard

"node-releases@npm:^2.0.19":
  version: 2.0.19
  resolution: "node-releases@npm:2.0.19"
  checksum: 10c0/52a0dbd25ccf545892670d1551690fe0facb6a471e15f2cfa1b20142a5b255b3aa254af5f59d6ecb69c2bec7390bc643c43aa63b13bf5e64b6075952e716b1aa
  languageName: node
  linkType: hard

"normalize-range@npm:^0.1.2":
  version: 0.1.2
  resolution: "normalize-range@npm:0.1.2"
  checksum: 10c0/bf39b73a63e0a42ad1a48c2bd1bda5a07ede64a7e2567307a407674e595bcff0fa0d57e8e5f1e7fa5e91000797c7615e13613227aaaa4d6d6e87f5bd5cc95de6
  languageName: node
  linkType: hard

"picocolors@npm:^1.0.1, picocolors@npm:^1.1.1":
  version: 1.1.1
  resolution: "picocolors@npm:1.1.1"
  checksum: 10c0/e2e3e8170ab9d7c7421969adaa7e1b31434f789afb9b3f115f6b96d91945041ac3ceb02e9ec6fe6510ff036bcc0bf91e69a1772edc0b707e12b19c0f2d6bcf58
  languageName: node
  linkType: hard

"postcss-value-parser@npm:^4.2.0":
  version: 4.2.0
  resolution: "postcss-value-parser@npm:4.2.0"
  checksum: 10c0/f4142a4f56565f77c1831168e04e3effd9ffcc5aebaf0f538eee4b2d465adfd4b85a44257bb48418202a63806a7da7fe9f56c330aebb3cac898e46b4cbf49161
  languageName: node
  linkType: hard

"postcss@npm:^8.5.2":
  version: 8.5.2
  resolution: "postcss@npm:8.5.2"
  dependencies:
    nanoid: "npm:^3.3.8"
    picocolors: "npm:^1.1.1"
    source-map-js: "npm:^1.2.1"
  checksum: 10c0/3044d49bc725029ab62292e8bf9849741251b95f3b754e191bf8b4025414d40ec3b4ac05c5a563d4b50060b5c8e96683eb4d783d8d8fa3867eb7b763cbe66127
  languageName: node
  linkType: hard

"react-dom@npm:^19.0.0":
  version: 19.0.0
  resolution: "react-dom@npm:19.0.0"
  dependencies:
    scheduler: "npm:^0.25.0"
  peerDependencies:
    react: ^19.0.0
  checksum: 10c0/a36ce7ab507b237ae2759c984cdaad4af4096d8199fb65b3815c16825e5cfeb7293da790a3fc2184b52bfba7ba3ff31c058c01947aff6fd1a3701632aabaa6a9
  languageName: node
  linkType: hard

"react@npm:^19.0.0":
  version: 19.0.0
  resolution: "react@npm:19.0.0"
  checksum: 10c0/9cad8f103e8e3a16d15cb18a0d8115d8bd9f9e1ce3420310aea381eb42aa0a4f812cf047bb5441349257a05fba8a291515691e3cb51267279b2d2c3253f38471
  languageName: node
  linkType: hard

"scheduler@npm:^0.25.0":
  version: 0.25.0
  resolution: "scheduler@npm:0.25.0"
  checksum: 10c0/a4bb1da406b613ce72c1299db43759526058fdcc413999c3c3e0db8956df7633acf395cb20eb2303b6a65d658d66b6585d344460abaee8080b4aa931f10eaafe
  languageName: node
  linkType: hard

"source-map-js@npm:^1.2.1":
  version: 1.2.1
  resolution: "source-map-js@npm:1.2.1"
  checksum: 10c0/7bda1fc4c197e3c6ff17de1b8b2c20e60af81b63a52cb32ec5a5d67a20a7d42651e2cb34ebe93833c5a2a084377e17455854fee3e21e7925c64a51b6a52b0faf
  languageName: node
  linkType: hard

"tailwindcss@npm:^4.0.6":
  version: 4.0.6
  resolution: "tailwindcss@npm:4.0.6"
  checksum: 10c0/e1d40616c2aa69844a065c74d022960efc820d974c86415faec6d485f841c0112776a52d9a150e8f3375c4e04d22b0b4c33c07086c35b9725487b314dc7a7f71
  languageName: node
  linkType: hard

"update-browserslist-db@npm:^1.1.1":
  version: 1.1.2
  resolution: "update-browserslist-db@npm:1.1.2"
  dependencies:
    escalade: "npm:^3.2.0"
    picocolors: "npm:^1.1.1"
  peerDependencies:
    browserslist: ">= 4.21.0"
  bin:
    update-browserslist-db: cli.js
  checksum: 10c0/9cb353998d6d7d6ba1e46b8fa3db888822dd972212da4eda609d185eb5c3557a93fd59780ceb757afd4d84240518df08542736969e6a5d6d6ce2d58e9363aac6
  languageName: node
  linkType: hard
